// !$*UTF8*$!
{
	archiveVersion = 1;
	classes = {
	};
	objectVersion = 46;
	objects = {

/* Begin PBXBuildFile section */
		F443CDE41D3B873C0048C514 /* HackerBooksCellView.swift in Sources */ = {isa = PBXBuildFile; fileRef = F443CDE21D3B873C0048C514 /* HackerBooksCellView.swift */; };
		F443CDE51D3B873C0048C514 /* HackerBooksCellView.xib in Resources */ = {isa = PBXBuildFile; fileRef = F443CDE31D3B873C0048C514 /* HackerBooksCellView.xib */; };
		F47E8B9C1D32B15500F69305 /* HackerPdfViewController.swift in Sources */ = {isa = PBXBuildFile; fileRef = F47E8B9A1D32B15500F69305 /* HackerPdfViewController.swift */; };
		F47E8B9D1D32B15500F69305 /* HackerPdfViewController.xib in Resources */ = {isa = PBXBuildFile; fileRef = F47E8B9B1D32B15500F69305 /* HackerPdfViewController.xib */; };
		F49C7C9F1D300F7A008C275D /* AppDelegate.swift in Sources */ = {isa = PBXBuildFile; fileRef = F49C7C9E1D300F7A008C275D /* AppDelegate.swift */; };
		F49C7CA61D300F7A008C275D /* Assets.xcassets in Resources */ = {isa = PBXBuildFile; fileRef = F49C7CA51D300F7A008C275D /* Assets.xcassets */; };
		F49C7CA91D300F7A008C275D /* LaunchScreen.storyboard in Resources */ = {isa = PBXBuildFile; fileRef = F49C7CA71D300F7A008C275D /* LaunchScreen.storyboard */; };
		F49C7CB41D3011F1008C275D /* HackerBook.swift in Sources */ = {isa = PBXBuildFile; fileRef = F49C7CB31D3011F1008C275D /* HackerBook.swift */; };
		F49C7CB61D30128E008C275D /* books_readable.json in Resources */ = {isa = PBXBuildFile; fileRef = F49C7CB51D30128E008C275D /* books_readable.json */; };
		F49C7CB81D3014AF008C275D /* Errors.swift in Sources */ = {isa = PBXBuildFile; fileRef = F49C7CB71D3014AF008C275D /* Errors.swift */; };
		F49C7CBA1D3014BF008C275D /* JSONparsing.swift in Sources */ = {isa = PBXBuildFile; fileRef = F49C7CB91D3014BF008C275D /* JSONparsing.swift */; };
		F49C7CBF1D301FC9008C275D /* HackerBookViewController.swift in Sources */ = {isa = PBXBuildFile; fileRef = F49C7CBD1D301FC9008C275D /* HackerBookViewController.swift */; };
		F49C7CC01D301FC9008C275D /* HackerBookViewController.xib in Resources */ = {isa = PBXBuildFile; fileRef = F49C7CBE1D301FC9008C275D /* HackerBookViewController.xib */; };
		F4A8AF401D30FB7500D53FB0 /* HackerBooksGroup.swift in Sources */ = {isa = PBXBuildFile; fileRef = F4A8AF3F1D30FB7500D53FB0 /* HackerBooksGroup.swift */; };
		F4A8AF421D310C0100D53FB0 /* HackerBooksTableViewController.swift in Sources */ = {isa = PBXBuildFile; fileRef = F4A8AF411D310C0100D53FB0 /* HackerBooksTableViewController.swift */; };
		F4A8AF451D3163FE00D53FB0 /* Foundation.swift in Sources */ = {isa = PBXBuildFile; fileRef = F4A8AF441D3163FE00D53FB0 /* Foundation.swift */; };
/* End PBXBuildFile section */

/* Begin PBXFileReference section */
		F443CDE21D3B873C0048C514 /* HackerBooksCellView.swift */ = {isa = PBXFileReference; fileEncoding = 4; lastKnownFileType = sourcecode.swift; path = HackerBooksCellView.swift; sourceTree = "<group>"; };
		F443CDE31D3B873C0048C514 /* HackerBooksCellView.xib */ = {isa = PBXFileReference; fileEncoding = 4; lastKnownFileType = file.xib; path = HackerBooksCellView.xib; sourceTree = "<group>"; };
		F47E8B9A1D32B15500F69305 /* HackerPdfViewController.swift */ = {isa = PBXFileReference; fileEncoding = 4; lastKnownFileType = sourcecode.swift; path = HackerPdfViewController.swift; sourceTree = "<group>"; };
		F47E8B9B1D32B15500F69305 /* HackerPdfViewController.xib */ = {isa = PBXFileReference; fileEncoding = 4; lastKnownFileType = file.xib; path = HackerPdfViewController.xib; sourceTree = "<group>"; };
		F49C7C9B1D300F7A008C275D /* HackerBook.app */ = {isa = PBXFileReference; explicitFileType = wrapper.application; includeInIndex = 0; path = HackerBook.app; sourceTree = BUILT_PRODUCTS_DIR; };
		F49C7C9E1D300F7A008C275D /* AppDelegate.swift */ = {isa = PBXFileReference; lastKnownFileType = sourcecode.swift; path = AppDelegate.swift; sourceTree = "<group>"; };
		F49C7CA51D300F7A008C275D /* Assets.xcassets */ = {isa = PBXFileReference; lastKnownFileType = folder.assetcatalog; path = Assets.xcassets; sourceTree = "<group>"; };
		F49C7CA81D300F7A008C275D /* Base */ = {isa = PBXFileReference; lastKnownFileType = file.storyboard; name = Base; path = Base.lproj/LaunchScreen.storyboard; sourceTree = "<group>"; };
		F49C7CAA1D300F7A008C275D /* Info.plist */ = {isa = PBXFileReference; lastKnownFileType = text.plist.xml; path = Info.plist; sourceTree = "<group>"; };
		F49C7CB31D3011F1008C275D /* HackerBook.swift */ = {isa = PBXFileReference; fileEncoding = 4; lastKnownFileType = sourcecode.swift; path = HackerBook.swift; sourceTree = "<group>"; };
		F49C7CB51D30128E008C275D /* books_readable.json */ = {isa = PBXFileReference; fileEncoding = 4; lastKnownFileType = text.json; path = books_readable.json; sourceTree = "<group>"; };
		F49C7CB71D3014AF008C275D /* Errors.swift */ = {isa = PBXFileReference; fileEncoding = 4; lastKnownFileType = sourcecode.swift; path = Errors.swift; sourceTree = "<group>"; };
		F49C7CB91D3014BF008C275D /* JSONparsing.swift */ = {isa = PBXFileReference; fileEncoding = 4; lastKnownFileType = sourcecode.swift; path = JSONparsing.swift; sourceTree = "<group>"; };
		F49C7CBD1D301FC9008C275D /* HackerBookViewController.swift */ = {isa = PBXFileReference; fileEncoding = 4; lastKnownFileType = sourcecode.swift; path = HackerBookViewController.swift; sourceTree = "<group>"; };
		F49C7CBE1D301FC9008C275D /* HackerBookViewController.xib */ = {isa = PBXFileReference; fileEncoding = 4; lastKnownFileType = file.xib; path = HackerBookViewController.xib; sourceTree = "<group>"; };
		F4A8AF3F1D30FB7500D53FB0 /* HackerBooksGroup.swift */ = {isa = PBXFileReference; fileEncoding = 4; lastKnownFileType = sourcecode.swift; path = HackerBooksGroup.swift; sourceTree = "<group>"; };
		F4A8AF411D310C0100D53FB0 /* HackerBooksTableViewController.swift */ = {isa = PBXFileReference; fileEncoding = 4; lastKnownFileType = sourcecode.swift; path = HackerBooksTableViewController.swift; sourceTree = "<group>"; };
		F4A8AF441D3163FE00D53FB0 /* Foundation.swift */ = {isa = PBXFileReference; fileEncoding = 4; lastKnownFileType = sourcecode.swift; path = Foundation.swift; sourceTree = "<group>"; };
/* End PBXFileReference section */

/* Begin PBXFrameworksBuildPhase section */
		F49C7C981D300F7A008C275D /* Frameworks */ = {
			isa = PBXFrameworksBuildPhase;
			buildActionMask = 2147483647;
			files = (
			);
			runOnlyForDeploymentPostprocessing = 0;
		};
/* End PBXFrameworksBuildPhase section */

/* Begin PBXGroup section */
		F443CDE11D3B87130048C514 /* Views */ = {
			isa = PBXGroup;
			children = (
				F443CDE21D3B873C0048C514 /* HackerBooksCellView.swift */,
				F443CDE31D3B873C0048C514 /* HackerBooksCellView.xib */,
			);
			name = Views;
			sourceTree = "<group>";
		};
		F49C7C921D300F7A008C275D = {
			isa = PBXGroup;
			children = (
				F49C7C9D1D300F7A008C275D /* HackerBook */,
				F49C7C9C1D300F7A008C275D /* Products */,
			);
			sourceTree = "<group>";
		};
		F49C7C9C1D300F7A008C275D /* Products */ = {
			isa = PBXGroup;
			children = (
				F49C7C9B1D300F7A008C275D /* HackerBook.app */,
			);
			name = Products;
			sourceTree = "<group>";
		};
		F49C7C9D1D300F7A008C275D /* HackerBook */ = {
			isa = PBXGroup;
			children = (
				F443CDE11D3B87130048C514 /* Views */,
				F4A8AF431D3163E900D53FB0 /* Frameworks */,
				F49C7CB21D3011CC008C275D /* Resources */,
				F49C7CB11D3011C5008C275D /* Controllers */,
				F49C7CB01D3011BD008C275D /* Models */,
				F49C7C9E1D300F7A008C275D /* AppDelegate.swift */,
				F49C7CA51D300F7A008C275D /* Assets.xcassets */,
				F49C7CA71D300F7A008C275D /* LaunchScreen.storyboard */,
				F49C7CAA1D300F7A008C275D /* Info.plist */,
			);
			path = HackerBook;
			sourceTree = "<group>";
		};
		F49C7CB01D3011BD008C275D /* Models */ = {
			isa = PBXGroup;
			children = (
				F49C7CB31D3011F1008C275D /* HackerBook.swift */,
				F49C7CB71D3014AF008C275D /* Errors.swift */,
				F49C7CB91D3014BF008C275D /* JSONparsing.swift */,
				F4A8AF3F1D30FB7500D53FB0 /* HackerBooksGroup.swift */,
			);
			name = Models;
			sourceTree = "<group>";
		};
		F49C7CB11D3011C5008C275D /* Controllers */ = {
			isa = PBXGroup;
			children = (
				F49C7CBD1D301FC9008C275D /* HackerBookViewController.swift */,
				F49C7CBE1D301FC9008C275D /* HackerBookViewController.xib */,
				F4A8AF411D310C0100D53FB0 /* HackerBooksTableViewController.swift */,
				F47E8B9A1D32B15500F69305 /* HackerPdfViewController.swift */,
				F47E8B9B1D32B15500F69305 /* HackerPdfViewController.xib */,
			);
			name = Controllers;
			sourceTree = "<group>";
		};
		F49C7CB21D3011CC008C275D /* Resources */ = {
			isa = PBXGroup;
			children = (
				F49C7CB51D30128E008C275D /* books_readable.json */,
			);
			name = Resources;
			sourceTree = "<group>";
		};
		F4A8AF431D3163E900D53FB0 /* Frameworks */ = {
			isa = PBXGroup;
			children = (
				F4A8AF441D3163FE00D53FB0 /* Foundation.swift */,
			);
			name = Frameworks;
			sourceTree = "<group>";
		};
/* End PBXGroup section */

/* Begin PBXNativeTarget section */
		F49C7C9A1D300F7A008C275D /* HackerBook */ = {
			isa = PBXNativeTarget;
			buildConfigurationList = F49C7CAD1D300F7A008C275D /* Build configuration list for PBXNativeTarget "HackerBook" */;
			buildPhases = (
				F49C7C971D300F7A008C275D /* Sources */,
				F49C7C981D300F7A008C275D /* Frameworks */,
				F49C7C991D300F7A008C275D /* Resources */,
			);
			buildRules = (
			);
			dependencies = (
			);
			name = HackerBook;
			productName = HackerBook;
			productReference = F49C7C9B1D300F7A008C275D /* HackerBook.app */;
			productType = "com.apple.product-type.application";
		};
/* End PBXNativeTarget section */

/* Begin PBXProject section */
		F49C7C931D300F7A008C275D /* Project object */ = {
			isa = PBXProject;
			attributes = {
				LastSwiftUpdateCheck = 0730;
				LastUpgradeCheck = 0730;
				ORGANIZATIONNAME = styleapps;
				TargetAttributes = {
					F49C7C9A1D300F7A008C275D = {
						CreatedOnToolsVersion = 7.3.1;
						LastSwiftMigration = 0800;
					};
				};
			};
			buildConfigurationList = F49C7C961D300F7A008C275D /* Build configuration list for PBXProject "HackerBook" */;
			compatibilityVersion = "Xcode 3.2";
			developmentRegion = English;
			hasScannedForEncodings = 0;
			knownRegions = (
				en,
				Base,
			);
			mainGroup = F49C7C921D300F7A008C275D;
			productRefGroup = F49C7C9C1D300F7A008C275D /* Products */;
			projectDirPath = "";
			projectRoot = "";
			targets = (
				F49C7C9A1D300F7A008C275D /* HackerBook */,
			);
		};
/* End PBXProject section */

/* Begin PBXResourcesBuildPhase section */
		F49C7C991D300F7A008C275D /* Resources */ = {
			isa = PBXResourcesBuildPhase;
			buildActionMask = 2147483647;
			files = (
				F49C7CA91D300F7A008C275D /* LaunchScreen.storyboard in Resources */,
				F47E8B9D1D32B15500F69305 /* HackerPdfViewController.xib in Resources */,
				F49C7CA61D300F7A008C275D /* Assets.xcassets in Resources */,
				F49C7CB61D30128E008C275D /* books_readable.json in Resources */,
				F49C7CC01D301FC9008C275D /* HackerBookViewController.xib in Resources */,
				F443CDE51D3B873C0048C514 /* HackerBooksCellView.xib in Resources */,
			);
			runOnlyForDeploymentPostprocessing = 0;
		};
/* End PBXResourcesBuildPhase section */

/* Begin PBXSourcesBuildPhase section */
		F49C7C971D300F7A008C275D /* Sources */ = {
			isa = PBXSourcesBuildPhase;
			buildActionMask = 2147483647;
			files = (
				F49C7CBF1D301FC9008C275D /* HackerBookViewController.swift in Sources */,
				F49C7CB41D3011F1008C275D /* HackerBook.swift in Sources */,
				F4A8AF451D3163FE00D53FB0 /* Foundation.swift in Sources */,
				F4A8AF401D30FB7500D53FB0 /* HackerBooksGroup.swift in Sources */,
				F49C7CB81D3014AF008C275D /* Errors.swift in Sources */,
				F4A8AF421D310C0100D53FB0 /* HackerBooksTableViewController.swift in Sources */,
				F49C7CBA1D3014BF008C275D /* JSONparsing.swift in Sources */,
				F49C7C9F1D300F7A008C275D /* AppDelegate.swift in Sources */,
				F47E8B9C1D32B15500F69305 /* HackerPdfViewController.swift in Sources */,
				F443CDE41D3B873C0048C514 /* HackerBooksCellView.swift in Sources */,
			);
			runOnlyForDeploymentPostprocessing = 0;
		};
/* End PBXSourcesBuildPhase section */

/* Begin PBXVariantGroup section */
		F49C7CA71D300F7A008C275D /* LaunchScreen.storyboard */ = {
			isa = PBXVariantGroup;
			children = (
				F49C7CA81D300F7A008C275D /* Base */,
			);
			name = LaunchScreen.storyboard;
			sourceTree = "<group>";
		};
/* End PBXVariantGroup section */

/* Begin XCBuildConfiguration section */
		F49C7CAB1D300F7A008C275D /* Debug */ = {
			isa = XCBuildConfiguration;
			buildSettings = {
				ALWAYS_SEARCH_USER_PATHS = NO;
				CLANG_ANALYZER_NONNULL = YES;
				CLANG_CXX_LANGUAGE_STANDARD = "gnu++0x";
				CLANG_CXX_LIBRARY = "libc++";
				CLANG_ENABLE_MODULES = YES;
				CLANG_ENABLE_OBJC_ARC = YES;
				CLANG_WARN_BOOL_CONVERSION = YES;
				CLANG_WARN_CONSTANT_CONVERSION = YES;
				CLANG_WARN_DIRECT_OBJC_ISA_USAGE = YES_ERROR;
				CLANG_WARN_EMPTY_BODY = YES;
				CLANG_WARN_ENUM_CONVERSION = YES;
				CLANG_WARN_INT_CONVERSION = YES;
				CLANG_WARN_OBJC_ROOT_CLASS = YES_ERROR;
				CLANG_WARN_UNREACHABLE_CODE = YES;
				CLANG_WARN__DUPLICATE_METHOD_MATCH = YES;
				"CODE_SIGN_IDENTITY[sdk=iphoneos*]" = "iPhone Developer";
				COPY_PHASE_STRIP = NO;
				DEBUG_INFORMATION_FORMAT = dwarf;
				ENABLE_STRICT_OBJC_MSGSEND = YES;
				ENABLE_TESTABILITY = YES;
				GCC_C_LANGUAGE_STANDARD = gnu99;
				GCC_DYNAMIC_NO_PIC = NO;
				GCC_NO_COMMON_BLOCKS = YES;
				GCC_OPTIMIZATION_LEVEL = 0;
				GCC_PREPROCESSOR_DEFINITIONS = (
					"DEBUG=1",
					"$(inherited)",
				);
				GCC_WARN_64_TO_32_BIT_CONVERSION = YES;
				GCC_WARN_ABOUT_RETURN_TYPE = YES_ERROR;
				GCC_WARN_UNDECLARED_SELECTOR = YES;
				GCC_WARN_UNINITIALIZED_AUTOS = YES_AGGRESSIVE;
				GCC_WARN_UNUSED_FUNCTION = YES;
				GCC_WARN_UNUSED_VARIABLE = YES;
				IPHONEOS_DEPLOYMENT_TARGET = 9.3;
				MTL_ENABLE_DEBUG_INFO = YES;
				ONLY_ACTIVE_ARCH = YES;
				SDKROOT = iphoneos;
				SWIFT_OPTIMIZATION_LEVEL = "-Onone";
			};
			name = Debug;
		};
		F49C7CAC1D300F7A008C275D /* Release */ = {
			isa = XCBuildConfiguration;
			buildSettings = {
				ALWAYS_SEARCH_USER_PATHS = NO;
				CLANG_ANALYZER_NONNULL = YES;
				CLANG_CXX_LANGUAGE_STANDARD = "gnu++0x";
				CLANG_CXX_LIBRARY = "libc++";
				CLANG_ENABLE_MODULES = YES;
				CLANG_ENABLE_OBJC_ARC = YES;
				CLANG_WARN_BOOL_CONVERSION = YES;
				CLANG_WARN_CONSTANT_CONVERSION = YES;
				CLANG_WARN_DIRECT_OBJC_ISA_USAGE = YES_ERROR;
				CLANG_WARN_EMPTY_BODY = YES;
				CLANG_WARN_ENUM_CONVERSION = YES;
				CLANG_WARN_INT_CONVERSION = YES;
				CLANG_WARN_OBJC_ROOT_CLASS = YES_ERROR;
				CLANG_WARN_UNREACHABLE_CODE = YES;
				CLANG_WARN__DUPLICATE_METHOD_MATCH = YES;
				"CODE_SIGN_IDENTITY[sdk=iphoneos*]" = "iPhone Developer";
				COPY_PHASE_STRIP = NO;
				DEBUG_INFORMATION_FORMAT = "dwarf-with-dsym";
				ENABLE_NS_ASSERTIONS = NO;
				ENABLE_STRICT_OBJC_MSGSEND = YES;
				GCC_C_LANGUAGE_STANDARD = gnu99;
				GCC_NO_COMMON_BLOCKS = YES;
				GCC_WARN_64_TO_32_BIT_CONVERSION = YES;
				GCC_WARN_ABOUT_RETURN_TYPE = YES_ERROR;
				GCC_WARN_UNDECLARED_SELECTOR = YES;
				GCC_WARN_UNINITIALIZED_AUTOS = YES_AGGRESSIVE;
				GCC_WARN_UNUSED_FUNCTION = YES;
				GCC_WARN_UNUSED_VARIABLE = YES;
				IPHONEOS_DEPLOYMENT_TARGET = 9.3;
				MTL_ENABLE_DEBUG_INFO = NO;
				SDKROOT = iphoneos;
				VALIDATE_PRODUCT = YES;
			};
			name = Release;
		};
		F49C7CAE1D300F7A008C275D /* Debug */ = {
			isa = XCBuildConfiguration;
			buildSettings = {
				ASSETCATALOG_COMPILER_APPICON_NAME = AppIcon;
				INFOPLIST_FILE = HackerBook/Info.plist;
				LD_RUNPATH_SEARCH_PATHS = "$(inherited) @executable_path/Frameworks";
				PRODUCT_BUNDLE_IDENTIFIER = styleapps.HackerBook;
				PRODUCT_NAME = "$(TARGET_NAME)";
				SWIFT_VERSION = 3.0;
				TARGETED_DEVICE_FAMILY = "1,2";
			};
			name = Debug;
		};
		F49C7CAF1D300F7A008C275D /* Release */ = {
			isa = XCBuildConfiguration;
			buildSettings = {
				ASSETCATALOG_COMPILER_APPICON_NAME = AppIcon;
				INFOPLIST_FILE = HackerBook/Info.plist;
				LD_RUNPATH_SEARCH_PATHS = "$(inherited) @executable_path/Frameworks";
				PRODUCT_BUNDLE_IDENTIFIER = styleapps.HackerBook;
				PRODUCT_NAME = "$(TARGET_NAME)";
				SWIFT_VERSION = 3.0;
				TARGETED_DEVICE_FAMILY = "1,2";
			};
			name = Release;
		};
/* End XCBuildConfiguration section */

/* Begin XCConfigurationList section */
		F49C7C961D300F7A008C275D /* Build configuration list for PBXProject "HackerBook" */ = {
			isa = XCConfigurationList;
			buildConfigurations = (
				F49C7CAB1D300F7A008C275D /* Debug */,
				F49C7CAC1D300F7A008C275D /* Release */,
			);
			defaultConfigurationIsVisible = 0;
			defaultConfigurationName = Release;
		};
		F49C7CAD1D300F7A008C275D /* Build configuration list for PBXNativeTarget "HackerBook" */ = {
			isa = XCConfigurationList;
			buildConfigurations = (
				F49C7CAE1D300F7A008C275D /* Debug */,
				F49C7CAF1D300F7A008C275D /* Release */,
			);
			defaultConfigurationIsVisible = 0;
			defaultConfigurationName = Release;
		};
/* End XCConfigurationList section */
	};
	rootObject = F49C7C931D300F7A008C275D /* Project object */;
}
